
Microsoft Visual Studio Solution File, Format Version 12.00
Project("{FAE04EC0-301F-11D3-BF4B-00C04F79EFBC}") = "ImageSharpMAUITest", "ImageSharpMAUITest\ImageSharpMAUITest.csproj", "{133D32FF-1EB2-447F-B17D-D3A6CFF34D34}"
EndProject
Global
	GlobalSection(SolutionConfigurationPlatforms) = preSolution
		Debug|Any CPU = Debug|Any CPU
		Release|Any CPU = Release|Any CPU
	EndGlobalSection
	GlobalSection(ProjectConfigurationPlatforms) = postSolution
		{133D32FF-1EB2-447F-B17D-D3A6CFF34D34}.Debug|Any CPU.ActiveCfg = Debug|Any CPU
		{133D32FF-1EB2-447F-B17D-D3A6CFF34D34}.Debug|Any CPU.Build.0 = Debug|Any CPU
		{133D32FF-1EB2-447F-B17D-D3A6CFF34D34}.Release|Any CPU.ActiveCfg = Release|Any CPU
		{133D32FF-1EB2-447F-B17D-D3A6CFF34D34}.Release|Any CPU.Build.0 = Release|Any CPU
	EndGlobalSection
EndGlobal
